{
  "name": "authenticate-me",
  "version": "1.0.0",
  "lockfileVersion": 1,
  "requires": true,
  "dependencies": {
    "react-scroll-motion": {
      "version": "0.2.1",
      "resolved": "https://registry.npmjs.org/react-scroll-motion/-/react-scroll-motion-0.2.1.tgz",
      "integrity": "sha512-l2/t8/IWI8CWaXuxq3bwNu09ABaM7+0Wm/2/S/zHp02sEpTeffqylQzWUZZykOgBqC6/uZsqVdAvDkcsPKZ6XQ=="
    }
  }
}
